
Microsoft Visual Studio Solution File, Format Version 12.00
# Visual Studio Version 17
VisualStudioVersion = 17.0.31912.275
MinimumVisualStudioVersion = 10.0.40219.1
Project("{9A19103F-16F7-4668-BE54-9A1E7A4F7556}") = "Sprints.ApplicationLayer", "Sprints\Sprints.ApplicationLayer.csproj", "{54B923C9-C83B-4771-A7E7-0805E0E39BBD}"
EndProject
Project("{9A19103F-16F7-4668-BE54-9A1E7A4F7556}") = "SprintsTest", "SprintsTest\SprintsTest.csproj", "{73C57CCF-D807-42DD-ADCC-437B67FD79CE}"
EndProject
Project("{FAE04EC0-301F-11D3-BF4B-00C04F79EFBC}") = "Sprints.DataLayer", "Sprints.DataLayer\Sprints.DataLayer.csproj", "{C43C03C5-3A93-4EFD-BE55-7B136FD00E38}"
EndProject
Global
	GlobalSection(SolutionConfigurationPlatforms) = preSolution
		Debug|Any CPU = Debug|Any CPU
		Release|Any CPU = Release|Any CPU
	EndGlobalSection
	GlobalSection(ProjectConfigurationPlatforms) = postSolution
		{54B923C9-C83B-4771-A7E7-0805E0E39BBD}.Debug|Any CPU.ActiveCfg = Debug|Any CPU
		{54B923C9-C83B-4771-A7E7-0805E0E39BBD}.Debug|Any CPU.Build.0 = Debug|Any CPU
		{54B923C9-C83B-4771-A7E7-0805E0E39BBD}.Release|Any CPU.ActiveCfg = Release|Any CPU
		{54B923C9-C83B-4771-A7E7-0805E0E39BBD}.Release|Any CPU.Build.0 = Release|Any CPU
		{73C57CCF-D807-42DD-ADCC-437B67FD79CE}.Debug|Any CPU.ActiveCfg = Debug|Any CPU
		{73C57CCF-D807-42DD-ADCC-437B67FD79CE}.Debug|Any CPU.Build.0 = Debug|Any CPU
		{73C57CCF-D807-42DD-ADCC-437B67FD79CE}.Release|Any CPU.ActiveCfg = Release|Any CPU
		{73C57CCF-D807-42DD-ADCC-437B67FD79CE}.Release|Any CPU.Build.0 = Release|Any CPU
		{C43C03C5-3A93-4EFD-BE55-7B136FD00E38}.Debug|Any CPU.ActiveCfg = Debug|Any CPU
		{C43C03C5-3A93-4EFD-BE55-7B136FD00E38}.Debug|Any CPU.Build.0 = Debug|Any CPU
		{C43C03C5-3A93-4EFD-BE55-7B136FD00E38}.Release|Any CPU.ActiveCfg = Release|Any CPU
		{C43C03C5-3A93-4EFD-BE55-7B136FD00E38}.Release|Any CPU.Build.0 = Release|Any CPU
	EndGlobalSection
	GlobalSection(SolutionProperties) = preSolution
		HideSolutionNode = FALSE
	EndGlobalSection
	GlobalSection(ExtensibilityGlobals) = postSolution
		SolutionGuid = {42879E3F-E1CE-4DBE-9C44-1F339791E804}
	EndGlobalSection
EndGlobal
